<?xml version="1.0" encoding="UTF-8" standalone="yes" ?>
<CodeBlocks_project_file>
	<FileVersion major="1" minor="6" />
	<Project>
		<Option title="Checkers" />
		<Option pch_mode="2" />
		<Option compiler="gcc" />
		<Build>
			<Target title="Release">
				<Option output="bin/Release/Checkers" prefix_auto="1" extension_auto="1" />
				<Option object_output="obj/Release/" />
				<Option type="1" />
				<Option compiler="gcc" />
				<Compiler>
					<Add option="-O2" />
				</Compiler>
				<Linker>
					<Add option="-s" />
				</Linker>
			</Target>
		</Build>
		<Compiler>
			<Add option="-Wall" />
		</Compiler>
		<Unit filename="include/AI.h" />
		<Unit filename="include/Application.h" />
		<Unit filename="include/ApplicationState.h" />
		<Unit filename="include/ApplicationStateManager.h" />
		<Unit filename="include/Button.h" />
		<Unit filename="include/CheckersBoard.h" />
		<Unit filename="include/GameOverState.h" />
		<Unit filename="include/GameState.h" />
		<Unit filename="include/MenuState.h" />
		<Unit filename="include/Piece.h" />
		<Unit filename="include/Player.h" />
		<Unit filename="include/RealPlayer.h" />
		<Unit filename="include/Texture.h" />
		<Unit filename="include/oldAI.h" />
		<Unit filename="src/AI.cpp" />
		<Unit filename="src/Application.cpp" />
		<Unit filename="src/ApplicationState.cpp" />
		<Unit filename="src/ApplicationStateManager.cpp" />
		<Unit filename="src/Button.cpp" />
		<Unit filename="src/CheckersBoard.cpp" />
		<Unit filename="src/GameOverState.cpp" />
		<Unit filename="src/GameState.cpp" />
		<Unit filename="src/MenuState.cpp" />
		<Unit filename="src/Piece.cpp" />
		<Unit filename="src/Player.cpp" />
		<Unit filename="src/RealPlayer.cpp" />
		<Unit filename="src/Texture.cpp" />
		<Unit filename="src/main.cpp" />
		<Unit filename="src/oldAI.cpp" />
		<Extensions>
			<code_completion />
			<envvars />
			<debugger />
			<lib_finder disable_auto="1" />
		</Extensions>
	</Project>
</CodeBlocks_project_file>
